
Microsoft Visual Studio Solution File, Format Version 12.00
# Visual Studio 2013
VisualStudioVersion = 12.0.21005.1
MinimumVisualStudioVersion = 10.0.40219.1
Project("{FAE04EC0-301F-11D3-BF4B-00C04F79EFBC}") = "SportsStore", "SportsStore\SportsStore.csproj", "{5EA7DF4D-6AFE-4B42-A2DD-27F1A641E302}"
EndProject
Project("{FAE04EC0-301F-11D3-BF4B-00C04F79EFBC}") = "SportsStore.Tests", "SportStore.Tests\SportsStore.Tests.csproj", "{CE2CD654-FB1F-4214-AB9B-E83AFA1ABECD}"
EndProject
Global
	GlobalSection(SolutionConfigurationPlatforms) = preSolution
		Debug|Any CPU = Debug|Any CPU
		Release|Any CPU = Release|Any CPU
	EndGlobalSection
	GlobalSection(ProjectConfigurationPlatforms) = postSolution
		{5EA7DF4D-6AFE-4B42-A2DD-27F1A641E302}.Debug|Any CPU.ActiveCfg = Debug|Any CPU
		{5EA7DF4D-6AFE-4B42-A2DD-27F1A641E302}.Debug|Any CPU.Build.0 = Debug|Any CPU
		{5EA7DF4D-6AFE-4B42-A2DD-27F1A641E302}.Release|Any CPU.ActiveCfg = Release|Any CPU
		{5EA7DF4D-6AFE-4B42-A2DD-27F1A641E302}.Release|Any CPU.Build.0 = Release|Any CPU
		{CE2CD654-FB1F-4214-AB9B-E83AFA1ABECD}.Debug|Any CPU.ActiveCfg = Debug|Any CPU
		{CE2CD654-FB1F-4214-AB9B-E83AFA1ABECD}.Debug|Any CPU.Build.0 = Debug|Any CPU
		{CE2CD654-FB1F-4214-AB9B-E83AFA1ABECD}.Release|Any CPU.ActiveCfg = Release|Any CPU
		{CE2CD654-FB1F-4214-AB9B-E83AFA1ABECD}.Release|Any CPU.Build.0 = Release|Any CPU
	EndGlobalSection
	GlobalSection(SolutionProperties) = preSolution
		HideSolutionNode = FALSE
	EndGlobalSection
EndGlobal
